
Microsoft Visual Studio Solution File, Format Version 12.00
# Visual Studio Version 16
VisualStudioVersion = 16.0.34031.81
MinimumVisualStudioVersion = 10.0.40219.1
Project("{FAE04EC0-301F-11D3-BF4B-00C04F79EFBC}") = "MyFirstWeb", "MyFirstWeb\MyFirstWeb.csproj", "{DABAA3E9-E092-4F58-BC54-1C26047CDE4E}"
EndProject
Global
	GlobalSection(SolutionConfigurationPlatforms) = preSolution
		Debug|Any CPU = Debug|Any CPU
		Release|Any CPU = Release|Any CPU
	EndGlobalSection
	GlobalSection(ProjectConfigurationPlatforms) = postSolution
		{DABAA3E9-E092-4F58-BC54-1C26047CDE4E}.Debug|Any CPU.ActiveCfg = Debug|Any CPU
		{DABAA3E9-E092-4F58-BC54-1C26047CDE4E}.Debug|Any CPU.Build.0 = Debug|Any CPU
		{DABAA3E9-E092-4F58-BC54-1C26047CDE4E}.Release|Any CPU.ActiveCfg = Release|Any CPU
		{DABAA3E9-E092-4F58-BC54-1C26047CDE4E}.Release|Any CPU.Build.0 = Release|Any CPU
	EndGlobalSection
	GlobalSection(SolutionProperties) = preSolution
		HideSolutionNode = FALSE
	EndGlobalSection
	GlobalSection(ExtensibilityGlobals) = postSolution
		SolutionGuid = {6E125E3A-08DD-4066-AAA2-C7D70A4587C7}
	EndGlobalSection
EndGlobal
